{
    "name": "cyberity",
    "version": "1.0.0",
    "lockfileVersion": 2,
    "requires": true,
    "packages": {
        "": {
            "name": "cyberity",
            "version": "1.0.0",
            "engines": {
                "node": "15.x",
                "npm": "7.x"
            }
        }
    }
}
